
Microsoft Visual Studio Solution File, Format Version 10.00
# Visual Studio 2008
Project("{8BC9CEB8-8B4A-11D0-8D11-00A0C91BC942}") = "test", "test\test.vcproj", "{EDE2BAAE-7D36-440C-9612-9EF8F3F3DE16}"
EndProject
Global
	GlobalSection(SolutionConfigurationPlatforms) = preSolution
		Debug|Win32 = Debug|Win32
		Release|Win32 = Release|Win32
	EndGlobalSection
	GlobalSection(ProjectConfigurationPlatforms) = postSolution
		{EDE2BAAE-7D36-440C-9612-9EF8F3F3DE16}.Debug|Win32.ActiveCfg = Debug|Win32
		{EDE2BAAE-7D36-440C-9612-9EF8F3F3DE16}.Debug|Win32.Build.0 = Debug|Win32
		{EDE2BAAE-7D36-440C-9612-9EF8F3F3DE16}.Release|Win32.ActiveCfg = Release|Win32
		{EDE2BAAE-7D36-440C-9612-9EF8F3F3DE16}.Release|Win32.Build.0 = Release|Win32
	EndGlobalSection
	GlobalSection(SolutionProperties) = preSolution
		HideSolutionNode = FALSE
	EndGlobalSection
EndGlobal
